
Microsoft Visual Studio Solution File, Format Version 12.00
# Visual Studio Version 17
VisualStudioVersion = 17.12.35527.113 d17.12
MinimumVisualStudioVersion = 10.0.40219.1
Project("{FAE04EC0-301F-11D3-BF4B-00C04F79EFBC}") = "eTickets", "src\eTickets\eTickets.csproj", "{39CDF95E-A4F2-4C27-85F2-941030115BF6}"
EndProject
<<<<<<< Updated upstream
=======
Project("{FAE04EC0-301F-11D3-BF4B-00C04F79EFBC}") = "eTickets.Tests", "tests\eTickets.Tests\eTickets.Tests.csproj", "{54919DF9-BCF5-470D-8E1C-1475E1515135}"
EndProject
>>>>>>> Stashed changes
Global
	GlobalSection(SolutionConfigurationPlatforms) = preSolution
		Debug|Any CPU = Debug|Any CPU
		Debug|x64 = Debug|x64
		Debug|x86 = Debug|x86
		Release|Any CPU = Release|Any CPU
		Release|x64 = Release|x64
		Release|x86 = Release|x86
	EndGlobalSection
	GlobalSection(ProjectConfigurationPlatforms) = postSolution
		{39CDF95E-A4F2-4C27-85F2-941030115BF6}.Debug|Any CPU.ActiveCfg = Debug|Any CPU
		{39CDF95E-A4F2-4C27-85F2-941030115BF6}.Debug|Any CPU.Build.0 = Debug|Any CPU
		{39CDF95E-A4F2-4C27-85F2-941030115BF6}.Debug|x64.ActiveCfg = Debug|Any CPU
		{39CDF95E-A4F2-4C27-85F2-941030115BF6}.Debug|x64.Build.0 = Debug|Any CPU
		{39CDF95E-A4F2-4C27-85F2-941030115BF6}.Debug|x86.ActiveCfg = Debug|Any CPU
		{39CDF95E-A4F2-4C27-85F2-941030115BF6}.Debug|x86.Build.0 = Debug|Any CPU
		{39CDF95E-A4F2-4C27-85F2-941030115BF6}.Release|Any CPU.ActiveCfg = Release|Any CPU
		{39CDF95E-A4F2-4C27-85F2-941030115BF6}.Release|Any CPU.Build.0 = Release|Any CPU
<<<<<<< Updated upstream
=======
		{39CDF95E-A4F2-4C27-85F2-941030115BF6}.Release|x64.ActiveCfg = Release|Any CPU
		{39CDF95E-A4F2-4C27-85F2-941030115BF6}.Release|x64.Build.0 = Release|Any CPU
		{39CDF95E-A4F2-4C27-85F2-941030115BF6}.Release|x86.ActiveCfg = Release|Any CPU
		{39CDF95E-A4F2-4C27-85F2-941030115BF6}.Release|x86.Build.0 = Release|Any CPU
		{54919DF9-BCF5-470D-8E1C-1475E1515135}.Debug|Any CPU.ActiveCfg = Debug|Any CPU
		{54919DF9-BCF5-470D-8E1C-1475E1515135}.Debug|Any CPU.Build.0 = Debug|Any CPU
		{54919DF9-BCF5-470D-8E1C-1475E1515135}.Debug|x64.ActiveCfg = Debug|Any CPU
		{54919DF9-BCF5-470D-8E1C-1475E1515135}.Debug|x64.Build.0 = Debug|Any CPU
		{54919DF9-BCF5-470D-8E1C-1475E1515135}.Debug|x86.ActiveCfg = Debug|Any CPU
		{54919DF9-BCF5-470D-8E1C-1475E1515135}.Debug|x86.Build.0 = Debug|Any CPU
		{54919DF9-BCF5-470D-8E1C-1475E1515135}.Release|Any CPU.ActiveCfg = Release|Any CPU
		{54919DF9-BCF5-470D-8E1C-1475E1515135}.Release|Any CPU.Build.0 = Release|Any CPU
		{54919DF9-BCF5-470D-8E1C-1475E1515135}.Release|x64.ActiveCfg = Release|Any CPU
		{54919DF9-BCF5-470D-8E1C-1475E1515135}.Release|x64.Build.0 = Release|Any CPU
		{54919DF9-BCF5-470D-8E1C-1475E1515135}.Release|x86.ActiveCfg = Release|Any CPU
		{54919DF9-BCF5-470D-8E1C-1475E1515135}.Release|x86.Build.0 = Release|Any CPU
>>>>>>> Stashed changes
	EndGlobalSection
	GlobalSection(SolutionProperties) = preSolution
		HideSolutionNode = FALSE
	EndGlobalSection
	GlobalSection(ExtensibilityGlobals) = postSolution
		SolutionGuid = {4DDE26DE-6F4F-4A39-8D61-72E082EFA82E}
	EndGlobalSection
EndGlobal
